
Microsoft Visual Studio Solution File, Format Version 12.00
# Visual Studio 14
VisualStudioVersion = 14.0.25420.1
MinimumVisualStudioVersion = 10.0.40219.1
Project("{F33AEA0D-777C-4AE5-9F51-3CACE9ACA936}") = "PasswordModifiedColumn", "PasswordModifiedColumn\PasswordModifiedColumn.csproj", "{F367AE78-1290-40B6-B0A7-BAF6BE11EADA}"
EndProject
Global
	GlobalSection(SolutionConfigurationPlatforms) = preSolution
		Debug|Any CPU = Debug|Any CPU
		Release|Any CPU = Release|Any CPU
	EndGlobalSection
	GlobalSection(ProjectConfigurationPlatforms) = postSolution
		{F367AE78-1290-40B6-B0A7-BAF6BE11EADA}.Debug|Any CPU.ActiveCfg = Debug|Any CPU
		{F367AE78-1290-40B6-B0A7-BAF6BE11EADA}.Debug|Any CPU.Build.0 = Debug|Any CPU
		{F367AE78-1290-40B6-B0A7-BAF6BE11EADA}.Release|Any CPU.ActiveCfg = Release|Any CPU
		{F367AE78-1290-40B6-B0A7-BAF6BE11EADA}.Release|Any CPU.Build.0 = Release|Any CPU
	EndGlobalSection
	GlobalSection(SolutionProperties) = preSolution
		HideSolutionNode = FALSE
	EndGlobalSection
EndGlobal
